
Microsoft Visual Studio Solution File, Format Version 12.00
# Visual Studio Version 16
VisualStudioVersion = 16.0.32228.343
MinimumVisualStudioVersion = 10.0.40219.1
Project("{FAE04EC0-301F-11D3-BF4B-00C04F79EFBC}") = "WebApi.Prueba", "WebApi.Prueba\WebApi.Prueba.csproj", "{F9C6C73F-82FA-479E-9218-086222FF54E4}"
EndProject
Global
	GlobalSection(SolutionConfigurationPlatforms) = preSolution
		Debug|Any CPU = Debug|Any CPU
		Release|Any CPU = Release|Any CPU
	EndGlobalSection
	GlobalSection(ProjectConfigurationPlatforms) = postSolution
		{F9C6C73F-82FA-479E-9218-086222FF54E4}.Debug|Any CPU.ActiveCfg = Debug|Any CPU
		{F9C6C73F-82FA-479E-9218-086222FF54E4}.Debug|Any CPU.Build.0 = Debug|Any CPU
		{F9C6C73F-82FA-479E-9218-086222FF54E4}.Release|Any CPU.ActiveCfg = Release|Any CPU
		{F9C6C73F-82FA-479E-9218-086222FF54E4}.Release|Any CPU.Build.0 = Release|Any CPU
	EndGlobalSection
	GlobalSection(SolutionProperties) = preSolution
		HideSolutionNode = FALSE
	EndGlobalSection
	GlobalSection(ExtensibilityGlobals) = postSolution
		SolutionGuid = {9223CE36-C945-434F-9CA2-25EBA7CFBB1D}
	EndGlobalSection
EndGlobal
